
Microsoft Visual Studio Solution File, Format Version 12.00
# Visual Studio Version 17
VisualStudioVersion = 17.14.36623.8 d17.14
MinimumVisualStudioVersion = 10.0.40219.1
Project("{FAE04EC0-301F-11D3-BF4B-00C04F79EFBC}") = "FuncTask2", "FuncTask2\FuncTask2.csproj", "{5332533E-61E0-4224-969A-CAFF241DD6F5}"
EndProject
Global
	GlobalSection(SolutionConfigurationPlatforms) = preSolution
		Debug|Any CPU = Debug|Any CPU
		Release|Any CPU = Release|Any CPU
	EndGlobalSection
	GlobalSection(ProjectConfigurationPlatforms) = postSolution
		{5332533E-61E0-4224-969A-CAFF241DD6F5}.Debug|Any CPU.ActiveCfg = Debug|Any CPU
		{5332533E-61E0-4224-969A-CAFF241DD6F5}.Debug|Any CPU.Build.0 = Debug|Any CPU
		{5332533E-61E0-4224-969A-CAFF241DD6F5}.Release|Any CPU.ActiveCfg = Release|Any CPU
		{5332533E-61E0-4224-969A-CAFF241DD6F5}.Release|Any CPU.Build.0 = Release|Any CPU
	EndGlobalSection
	GlobalSection(SolutionProperties) = preSolution
		HideSolutionNode = FALSE
	EndGlobalSection
	GlobalSection(ExtensibilityGlobals) = postSolution
		SolutionGuid = {94D40948-A54D-45B7-9C73-82DC4EA0A987}
	EndGlobalSection
EndGlobal
