
Microsoft Visual Studio Solution File, Format Version 12.00
# Visual Studio Version 17
VisualStudioVersion = 17.14.36623.8 d17.14
MinimumVisualStudioVersion = 10.0.40219.1
Project("{FAE04EC0-301F-11D3-BF4B-00C04F79EFBC}") = "FuncTask3", "FuncTask3\FuncTask3.csproj", "{709E9F02-3BE7-4BC6-8C1A-B57CE4C8F86D}"
EndProject
Global
	GlobalSection(SolutionConfigurationPlatforms) = preSolution
		Debug|Any CPU = Debug|Any CPU
		Release|Any CPU = Release|Any CPU
	EndGlobalSection
	GlobalSection(ProjectConfigurationPlatforms) = postSolution
		{709E9F02-3BE7-4BC6-8C1A-B57CE4C8F86D}.Debug|Any CPU.ActiveCfg = Debug|Any CPU
		{709E9F02-3BE7-4BC6-8C1A-B57CE4C8F86D}.Debug|Any CPU.Build.0 = Debug|Any CPU
		{709E9F02-3BE7-4BC6-8C1A-B57CE4C8F86D}.Release|Any CPU.ActiveCfg = Release|Any CPU
		{709E9F02-3BE7-4BC6-8C1A-B57CE4C8F86D}.Release|Any CPU.Build.0 = Release|Any CPU
	EndGlobalSection
	GlobalSection(SolutionProperties) = preSolution
		HideSolutionNode = FALSE
	EndGlobalSection
	GlobalSection(ExtensibilityGlobals) = postSolution
		SolutionGuid = {7BDE6920-AAAB-4C55-9C98-537F64C8DDF3}
	EndGlobalSection
EndGlobal
